
Microsoft Visual Studio Solution File, Format Version 12.00
# Visual Studio Version 16
VisualStudioVersion = 16.0.31624.102
MinimumVisualStudioVersion = 10.0.40219.1
Project("{9A19103F-16F7-4668-BE54-9A1E7A4F7556}") = "ProxyGenerator.Core", "ProxyGenerator.Core\ProxyGenerator.Core.csproj", "{D9B555C8-4BE5-4910-92B8-83578BC32CE1}"
EndProject
Project("{9A19103F-16F7-4668-BE54-9A1E7A4F7556}") = "ProxyGenerator.Test", "ProxyGenerator.Test\ProxyGenerator.Test.csproj", "{A1714844-608B-4B01-8C36-40526DF181DE}"
EndProject
Project("{9A19103F-16F7-4668-BE54-9A1E7A4F7556}") = "ProxyGenerator.Benchmark", "ProxyGenerator.Benchmark\ProxyGenerator.Benchmark.csproj", "{DC671DC8-355F-407C-BF9F-D8691683FC18}"
EndProject
Project("{9A19103F-16F7-4668-BE54-9A1E7A4F7556}") = "ProxyGenerator.Aspnet", "ProxyGenerator.Aspnet\ProxyGenerator.Aspnet.csproj", "{E2D0E0C2-F83D-415F-9C84-5831C39402C4}"
EndProject
Project("{9A19103F-16F7-4668-BE54-9A1E7A4F7556}") = "ProxyGenerator.Aspnet.Test", "ProxyGenerator.Aspnet.Test\ProxyGenerator.Aspnet.Test.csproj", "{37D90FF9-2A3B-4CE7-A232-845C3BF0D832}"
EndProject
Global
	GlobalSection(SolutionConfigurationPlatforms) = preSolution
		Debug|Any CPU = Debug|Any CPU
		Release|Any CPU = Release|Any CPU
	EndGlobalSection
	GlobalSection(ProjectConfigurationPlatforms) = postSolution
		{D9B555C8-4BE5-4910-92B8-83578BC32CE1}.Debug|Any CPU.ActiveCfg = Debug|Any CPU
		{D9B555C8-4BE5-4910-92B8-83578BC32CE1}.Debug|Any CPU.Build.0 = Debug|Any CPU
		{D9B555C8-4BE5-4910-92B8-83578BC32CE1}.Release|Any CPU.ActiveCfg = Release|Any CPU
		{D9B555C8-4BE5-4910-92B8-83578BC32CE1}.Release|Any CPU.Build.0 = Release|Any CPU
		{A1714844-608B-4B01-8C36-40526DF181DE}.Debug|Any CPU.ActiveCfg = Debug|Any CPU
		{A1714844-608B-4B01-8C36-40526DF181DE}.Debug|Any CPU.Build.0 = Debug|Any CPU
		{A1714844-608B-4B01-8C36-40526DF181DE}.Release|Any CPU.ActiveCfg = Release|Any CPU
		{A1714844-608B-4B01-8C36-40526DF181DE}.Release|Any CPU.Build.0 = Release|Any CPU
		{DC671DC8-355F-407C-BF9F-D8691683FC18}.Debug|Any CPU.ActiveCfg = Debug|Any CPU
		{DC671DC8-355F-407C-BF9F-D8691683FC18}.Debug|Any CPU.Build.0 = Debug|Any CPU
		{DC671DC8-355F-407C-BF9F-D8691683FC18}.Release|Any CPU.ActiveCfg = Release|Any CPU
		{DC671DC8-355F-407C-BF9F-D8691683FC18}.Release|Any CPU.Build.0 = Release|Any CPU
		{E2D0E0C2-F83D-415F-9C84-5831C39402C4}.Debug|Any CPU.ActiveCfg = Debug|Any CPU
		{E2D0E0C2-F83D-415F-9C84-5831C39402C4}.Debug|Any CPU.Build.0 = Debug|Any CPU
		{E2D0E0C2-F83D-415F-9C84-5831C39402C4}.Release|Any CPU.ActiveCfg = Release|Any CPU
		{E2D0E0C2-F83D-415F-9C84-5831C39402C4}.Release|Any CPU.Build.0 = Release|Any CPU
		{37D90FF9-2A3B-4CE7-A232-845C3BF0D832}.Debug|Any CPU.ActiveCfg = Debug|Any CPU
		{37D90FF9-2A3B-4CE7-A232-845C3BF0D832}.Debug|Any CPU.Build.0 = Debug|Any CPU
		{37D90FF9-2A3B-4CE7-A232-845C3BF0D832}.Release|Any CPU.ActiveCfg = Release|Any CPU
		{37D90FF9-2A3B-4CE7-A232-845C3BF0D832}.Release|Any CPU.Build.0 = Release|Any CPU
	EndGlobalSection
	GlobalSection(SolutionProperties) = preSolution
		HideSolutionNode = FALSE
	EndGlobalSection
	GlobalSection(ExtensibilityGlobals) = postSolution
		SolutionGuid = {1C717C30-30AB-4313-9415-763DC180EFEF}
	EndGlobalSection
EndGlobal
